{"1.2.0",
[{<<"certifi">>,{pkg,<<"certifi">>,<<"2.15.0">>},1},
 {<<"cf">>,{pkg,<<"cf">>,<<"0.3.1">>},2},
 {<<"cowboy">>,
  {git,"https://github.com/extend/cowboy",
       {ref,"66fd122c08dd05e2ff2300af963cb977dca2ba7c"}},
  1},
 {<<"cowlib">>,
  {git,"https://github.com/ninenines/cowlib",
       {ref,"8588724cf91ddbb53b9c35ed665866556b217323"}},
  2},
 {<<"enotify">>,{pkg,<<"enotify">>,<<"0.1.0">>},1},
 {<<"eper">>,{pkg,<<"eper">>,<<"0.99.1">>},1},
 {<<"erlware_commons">>,{pkg,<<"erlware_commons">>,<<"1.8.1">>},1},
 {<<"goldrush">>,{pkg,<<"goldrush">>,<<"0.1.9">>},2},
 {<<"gun">>,
  {git,"https://github.com/ninenines/gun.git",
       {ref,"fa9f4663f219a9d7c7dcd7dc33ded323cce4cfcb"}},
  1},
 {<<"jsone">>,{pkg,<<"jsone">>,<<"1.9.0">>},1},
 {<<"lager">>,{pkg,<<"lager">>,<<"3.9.2">>},1},
 {<<"meck">>,{pkg,<<"meck">>,<<"1.0.0">>},1},
 {<<"mimerl">>,{pkg,<<"mimerl">>,<<"1.4.0">>},1},
 {<<"nklib">>,
  {git,"https://github.com/shgtkfj/nklib",
       {ref,"dce49d095f7d6190fb978b51a86ad381ad59d128"}},
  0},
 {<<"nkpacket">>,
  {git,"https://github.com/netcomposer/nkpacket",
       {ref,"4d74ab31b20ba7a1449f1f72c1c51829f18d2d5c"}},
  0},
 {<<"nkserver">>,
  {git,"https://github.com/netcomposer/nkserver",
       {ref,"ec17566f00aaf56f6bd60dc391d8da41cf625625"}},
  0},
 {<<"parsexml">>,{pkg,<<"parsexml">>,<<"1.0.0">>},1},
 {<<"qdate">>,{pkg,<<"qdate">>,<<"0.7.3">>},1},
 {<<"qdate_localtime">>,{pkg,<<"qdate_localtime">>,<<"1.2.1">>},1},
 {<<"ranch">>,
  {git,"https://github.com/ninenines/ranch",
       {ref,"7423a7bb6dde5edc26283544956ae7387fa69688"}},
  2},
 {<<"recon">>,{pkg,<<"recon">>,<<"2.5.6">>},1},
 {<<"rfc3339">>,{pkg,<<"rfc3339">>,<<"0.9.0">>},1},
 {<<"ssl_verify_fun">>,{pkg,<<"ssl_verify_fun">>,<<"1.1.7">>},1},
 {<<"yamerl">>,{pkg,<<"yamerl">>,<<"0.10.0">>},1}]}.
[
{pkg_hash,[
 {<<"certifi">>, <<"0E6E882FCDAAA0A5A9F2B3DB55B1394DBA07E8D6D9BCAD08318FB604C6839712">>},
 {<<"cf">>, <<"5CB902239476E141EA70A740340233782D363A31EEA8AD37049561542E6CD641">>},
 {<<"enotify">>, <<"F6BF33AA7BC4789D953087E48C6ADBC6D9682B6D67E4BC353C2FDB96C5AC5595">>},
 {<<"eper">>, <<"A50698B6803B8732AD6575285320999FE73E160A1A9FF7EFCAB6B6F818BD2C1F">>},
 {<<"erlware_commons">>, <<"444DC0301777CEAE70E1D2AA3C08A511CC08BEA7AE2E7E7F31ADB4C8C3C1BCA8">>},
 {<<"goldrush">>, <<"F06E5D5F1277DA5C413E84D5A2924174182FB108DABB39D5EC548B27424CD106">>},
 {<<"jsone">>, <<"2242DC76859DB74E27AE6B6209BBF4F03651B8EDDB53FA8002A931D35953E9B6">>},
 {<<"lager">>, <<"4CAB289120EB24964E3886BD22323CB5FEFE4510C076992A23AD18CF85413D8C">>},
 {<<"meck">>, <<"24676CB6EE6951530093A93EDCD410CFE4CB59FE89444B875D35C9D3909A15D0">>},
 {<<"mimerl">>, <<"3882A5CA67FBBE7117BA8947F27643557ADEC38FA2307490C4C4207624CB213B">>},
 {<<"parsexml">>, <<"62DB6B80C2F55F7C0A8CBCD124B34B8E1C29EDDCC88D13E170C3A1302A3E1E8D">>},
 {<<"qdate">>, <<"6FE5C29AE46B42B9F8915AC965AFEE1A12DAE81DE6C44417506AD25EB875130D">>},
 {<<"qdate_localtime">>, <<"72E1034DC6B7FEE8F588281EDDD0BD0DC5260005D758052F50634D265D382C18">>},
 {<<"recon">>, <<"9052588E83BFEDFD9B72E1034532AEE2A5369D9D9343B61AEB7FBCE761010741">>},
 {<<"rfc3339">>, <<"2075653DC9407541C84B1E15F8BDA2ABE95FB17C9694025E079583F2D19C1060">>},
 {<<"ssl_verify_fun">>, <<"354C321CF377240C7B8716899E182CE4890C5938111A1296ADD3EC74CF1715DF">>},
 {<<"yamerl">>, <<"4FF81FEE2F1F6A46F1700C0D880B24D193DDB74BD14EF42CB0BCF46E81EF2F8E">>}]},
{pkg_hash_ext,[
 {<<"certifi">>, <<"B147ED22CE71D72EAFDAD94F055165C1C182F61A2FF49DF28BCC71D1D5B94A60">>},
 {<<"cf">>, <<"315E8D447D3A4B02BCDBFA397AD03BBB988A6E0AA6F44D3ADD0F4E3C3BF97672">>},
 {<<"enotify">>, <<"8E48DA763CE15BFD75CC857DDFE5011B03189D597F47BCDD8ACC6FBBE8E6B6F4">>},
 {<<"eper">>, <<"1D2685445C401C4D91E23EA59B8FD327C29186DFB5F3B271D3C1EB73A3CBC9F3">>},
 {<<"erlware_commons">>, <<"58CF939C7F173FFEC383A251EE74DCBD13FB27014B1721D224C7583A275965F9">>},
 {<<"goldrush">>, <<"99CB4128CFFCB3227581E5D4D803D5413FA643F4EB96523F77D9E6937D994CEB">>},
 {<<"jsone">>, <<"6863DCF95A7FC26094EAAFF0D72522D58FE22719B4758AFB75A21735BC92646D">>},
 {<<"lager">>, <<"7F904D9E87A8CB7E66156ED31768D1C8E26EBA1D54F4BC85B1AA4AC1F6340C28">>},
 {<<"meck">>, <<"680A9BCFE52764350BEB9FB0335FB75FEE8E7329821416CEE0A19FEC35433882">>},
 {<<"mimerl">>, <<"13AF15F9F68C65884ECCA3A3891D50A7B57D82152792F3E19D88650AA126B144">>},
 {<<"parsexml">>, <<"D7F678BE0D15A971927D9138C1CE962F81648F16E3233191CA37BA2638C06AC8">>},
 {<<"qdate">>, <<"244D906D1C2777ECB6EA19F60EE8A7451628E0C9AC47A09A5F64493E2C3C7BC4">>},
 {<<"qdate_localtime">>, <<"1109958D205C65C595C8C5694CB83EBAF2DBE770CF902E4DCE8AFB2C4123764D">>},
 {<<"recon">>, <<"96C6799792D735CC0F0FD0F86267E9D351E63339CBE03DF9D162010CEFC26BB0">>},
 {<<"rfc3339">>, <<"182314DE35C9F4180B22EB5F22916D8D7A799C1109A060C752970273A9332AD6">>},
 {<<"ssl_verify_fun">>, <<"FE4C190E8F37401D30167C8C405EDA19469F34577987C76DDE613E838BBC67F8">>},
 {<<"yamerl">>, <<"346ADB2963F1051DC837A2364E4ACF6EB7D80097C0F53CBDC3046EC8EC4B4E6E">>}]}
].
